{
  "name": "zepp-health-extractor",
  "version": "1.0.0",
  "lockfileVersion": 3,
  "requires": true,
  "packages": {
    "": {
      "name": "zepp-health-extractor",
      "version": "1.0.0",
      "dependencies": {
        "@zeppos/zml": "^0.0.43"
      },
      "devDependencies": {
        "@zeppos/device-types": "^4.0.0"
      }
    },
    "node_modules/@zeppos/device-types": {
      "version": "4.0.0",
      "resolved": "https://registry.npmjs.org/@zeppos/device-types/-/device-types-4.0.0.tgz",
      "integrity": "sha512-As1r/7/+ucMbem6lqWIgzMqKw/vhzLNIz4muHF/LssL/5RZD5dfMR/pkaIb8YSrEnpGxRGFZffecPPMjsZO4Ag==",
      "dev": true,
      "license": "ISC"
    },
    "node_modules/@zeppos/zml": {
      "version": "0.0.43",
      "resolved": "https://registry.npmjs.org/@zeppos/zml/-/zml-0.0.43.tgz",
      "integrity": "sha512-3pmyT9qbNwcEh6Vu2khH+1OEeYInYm6zZWVQsp2Jz+UrvGo/xxp9cbqjfXiOh4LvM0b3p560tBWFtlROwKbL0w==",
      "license": "Apache-2.0"
    }
  }
}
